
Microsoft Visual Studio Solution File, Format Version 12.00
# Visual Studio Version 17
VisualStudioVersion = 17.14.36603.0 d17.14
MinimumVisualStudioVersion = 10.0.40219.1
Project("{FAE04EC0-301F-11D3-BF4B-00C04F79EFBC}") = "Lab16", "Lab16\Lab16.csproj", "{4166BAC8-88CE-4E42-8D2A-3C9E89474C6D}"
EndProject
Global
	GlobalSection(SolutionConfigurationPlatforms) = preSolution
		Debug|Any CPU = Debug|Any CPU
		Release|Any CPU = Release|Any CPU
	EndGlobalSection
	GlobalSection(ProjectConfigurationPlatforms) = postSolution
		{4166BAC8-88CE-4E42-8D2A-3C9E89474C6D}.Debug|Any CPU.ActiveCfg = Debug|Any CPU
		{4166BAC8-88CE-4E42-8D2A-3C9E89474C6D}.Debug|Any CPU.Build.0 = Debug|Any CPU
		{4166BAC8-88CE-4E42-8D2A-3C9E89474C6D}.Release|Any CPU.ActiveCfg = Release|Any CPU
		{4166BAC8-88CE-4E42-8D2A-3C9E89474C6D}.Release|Any CPU.Build.0 = Release|Any CPU
	EndGlobalSection
	GlobalSection(SolutionProperties) = preSolution
		HideSolutionNode = FALSE
	EndGlobalSection
	GlobalSection(ExtensibilityGlobals) = postSolution
		SolutionGuid = {0B378F0A-F34F-4216-B275-57D26A684120}
	EndGlobalSection
EndGlobal
