
Microsoft Visual Studio Solution File, Format Version 12.00
# Visual Studio Version 17
VisualStudioVersion = 17.11.35222.181
MinimumVisualStudioVersion = 10.0.40219.1
Project("{9A19103F-16F7-4668-BE54-9A1E7A4F7556}") = "Lab5", "Lab5\Lab5.csproj", "{463DE98B-442F-4A54-BA32-899A4CDF55C9}"
EndProject
Project("{FAE04EC0-301F-11D3-BF4B-00C04F79EFBC}") = "Lab5.Tests", "Lab5.Tests\Lab5.Tests.csproj", "{3F97697A-3848-4BBE-B4F2-4E8C2823D54B}"
EndProject
Global
	GlobalSection(SolutionConfigurationPlatforms) = preSolution
		Debug|Any CPU = Debug|Any CPU
		Debug|arm64 = Debug|arm64
		Debug|x64 = Debug|x64
		Debug|x86 = Debug|x86
		Release|Any CPU = Release|Any CPU
		Release|arm64 = Release|arm64
		Release|x64 = Release|x64
		Release|x86 = Release|x86
	EndGlobalSection
	GlobalSection(ProjectConfigurationPlatforms) = postSolution
		{463DE98B-442F-4A54-BA32-899A4CDF55C9}.Debug|Any CPU.ActiveCfg = Debug|Any CPU
		{463DE98B-442F-4A54-BA32-899A4CDF55C9}.Debug|Any CPU.Build.0 = Debug|Any CPU
		{463DE98B-442F-4A54-BA32-899A4CDF55C9}.Debug|arm64.ActiveCfg = Debug|Any CPU
		{463DE98B-442F-4A54-BA32-899A4CDF55C9}.Debug|arm64.Build.0 = Debug|Any CPU
		{463DE98B-442F-4A54-BA32-899A4CDF55C9}.Debug|x64.ActiveCfg = Debug|x64
		{463DE98B-442F-4A54-BA32-899A4CDF55C9}.Debug|x64.Build.0 = Debug|x64
		{463DE98B-442F-4A54-BA32-899A4CDF55C9}.Debug|x86.ActiveCfg = Debug|Any CPU
		{463DE98B-442F-4A54-BA32-899A4CDF55C9}.Debug|x86.Build.0 = Debug|Any CPU
		{463DE98B-442F-4A54-BA32-899A4CDF55C9}.Release|Any CPU.ActiveCfg = Release|Any CPU
		{463DE98B-442F-4A54-BA32-899A4CDF55C9}.Release|Any CPU.Build.0 = Release|Any CPU
		{463DE98B-442F-4A54-BA32-899A4CDF55C9}.Release|arm64.ActiveCfg = Release|Any CPU
		{463DE98B-442F-4A54-BA32-899A4CDF55C9}.Release|arm64.Build.0 = Release|Any CPU
		{463DE98B-442F-4A54-BA32-899A4CDF55C9}.Release|x64.ActiveCfg = Release|x64
		{463DE98B-442F-4A54-BA32-899A4CDF55C9}.Release|x64.Build.0 = Release|x64
		{463DE98B-442F-4A54-BA32-899A4CDF55C9}.Release|x86.ActiveCfg = Release|Any CPU
		{463DE98B-442F-4A54-BA32-899A4CDF55C9}.Release|x86.Build.0 = Release|Any CPU
		{3F97697A-3848-4BBE-B4F2-4E8C2823D54B}.Debug|Any CPU.ActiveCfg = Debug|Any CPU
		{3F97697A-3848-4BBE-B4F2-4E8C2823D54B}.Debug|Any CPU.Build.0 = Debug|Any CPU
		{3F97697A-3848-4BBE-B4F2-4E8C2823D54B}.Debug|arm64.ActiveCfg = Debug|Any CPU
		{3F97697A-3848-4BBE-B4F2-4E8C2823D54B}.Debug|arm64.Build.0 = Debug|Any CPU
		{3F97697A-3848-4BBE-B4F2-4E8C2823D54B}.Debug|x64.ActiveCfg = Debug|Any CPU
		{3F97697A-3848-4BBE-B4F2-4E8C2823D54B}.Debug|x64.Build.0 = Debug|Any CPU
		{3F97697A-3848-4BBE-B4F2-4E8C2823D54B}.Debug|x86.ActiveCfg = Debug|Any CPU
		{3F97697A-3848-4BBE-B4F2-4E8C2823D54B}.Debug|x86.Build.0 = Debug|Any CPU
		{3F97697A-3848-4BBE-B4F2-4E8C2823D54B}.Release|Any CPU.ActiveCfg = Release|Any CPU
		{3F97697A-3848-4BBE-B4F2-4E8C2823D54B}.Release|Any CPU.Build.0 = Release|Any CPU
		{3F97697A-3848-4BBE-B4F2-4E8C2823D54B}.Release|arm64.ActiveCfg = Release|Any CPU
		{3F97697A-3848-4BBE-B4F2-4E8C2823D54B}.Release|arm64.Build.0 = Release|Any CPU
		{3F97697A-3848-4BBE-B4F2-4E8C2823D54B}.Release|x64.ActiveCfg = Release|Any CPU
		{3F97697A-3848-4BBE-B4F2-4E8C2823D54B}.Release|x64.Build.0 = Release|Any CPU
		{3F97697A-3848-4BBE-B4F2-4E8C2823D54B}.Release|x86.ActiveCfg = Release|Any CPU
		{3F97697A-3848-4BBE-B4F2-4E8C2823D54B}.Release|x86.Build.0 = Release|Any CPU
	EndGlobalSection
	GlobalSection(SolutionProperties) = preSolution
		HideSolutionNode = FALSE
	EndGlobalSection
	GlobalSection(ExtensibilityGlobals) = postSolution
		SolutionGuid = {82D2F671-ABFC-4F12-BBC1-93350FBB5936}
	EndGlobalSection
EndGlobal
